{
  "nodes": {
    "disko": {
      "inputs": {
        "nixpkgs": [
          "nixpkgs"
        ]
      },
      "locked": {
        "lastModified": 1768920986,
        "narHash": "sha256-CNzzBsRhq7gg4BMBuTDObiWDH/rFYHEuDRVOwCcwXw4=",
        "owner": "nix-community",
        "repo": "disko",
        "rev": "de5708739256238fb912c62f03988815db89ec9a",
        "type": "github"
      },
      "original": {
        "owner": "nix-community",
        "ref": "latest",
        "repo": "disko",
        "type": "github"
      }
    },
    "jovian": {
      "inputs": {
        "nix-github-actions": "nix-github-actions",
        "nixpkgs": [
          "nixpkgs"
        ]
      },
      "locked": {
        "lastModified": 1789448720,
        "narHash": "sha256-AaPN5C72h8nGp+2UJVSX0RobTtUacFHTWEr+dMn4xc0=",
        "owner": "Jovian-Experiments",
        "repo": "Jovian-NixOS",
        "rev": "e2647dadda77487caba8055556dedde2e0448d83",
        "type": "github"
      },
      "original": {
        "owner": "Jovian-Experiments",
        "repo": "Jovian-NixOS",
        "type": "github"
      }
    },
    "nix-github-actions": {
      "inputs": {
        "nixpkgs": [
          "jovian",
          "nixpkgs"
        ]
      },
      "locked": {
        "lastModified": 1729697500,
        "narHash": "sha256-VFTWrbzDlZyFHHb1AlKRiD/qqCJIripXKiCSFS8fAOY=",
        "owner": "zhaofengli",
        "repo": "nix-github-actions",
        "rev": "e418aeb728b6aa5ca8c5c71974e7159c2df1d8cf",
        "type": "github"
      },
      "original": {
        "owner": "zhaofengli",
        "ref": "matrix-name",
        "repo": "nix-github-actions",
        "type": "github"
      }
    },
    "nixos-hardware": {
      "inputs": {
        "nixpkgs": [
          "nixpkgs"
        ]
      },
      "locked": {
        "lastModified": 1789583720,
        "narHash": "sha256-Jd7AoNhd9EkvS1YqjwdwncTMFT/YMxmYYI2GsyEBVCo=",
        "owner": "NixOS",
        "repo": "nixos-hardware",
        "rev": "c9b56a2497c22c90884388ba476900cbe45de808",
        "type": "github"
      },
      "original": {
        "owner": "NixOS",
        "ref": "master",
        "repo": "nixos-hardware",
        "type": "github"
      }
    },
    "nixpkgs": {
      "locked": {
        "lastModified": 1789370336,
        "narHash": "sha256-6RSEDHIWQtesQKWSu5qRai8L2h4KgCgMEfJHstW99G4=",
        "owner": "nixos",
        "repo": "nixpkgs",
        "rev": "c7def046b9a883d46974757852106483d741586f",
        "type": "github"
      },
      "original": {
        "owner": "nixos",
        "ref": "nixpkgs-unstable",
        "repo": "nixpkgs",
        "type": "github"
      }
    },
    "nixpkgs_2": {
      "locked": {
        "lastModified": 1776683584,
        "narHash": "sha256-NuTLMrr10Tng72hurYG8jYQ4XKK8wnpJmOGcPiis96g=",
        "owner": "NixOS",
        "repo": "nixpkgs",
        "rev": "9dd5558b06dbdacbf635a3dd36dce1b1a7ee3a89",
        "type": "github"
      },
      "original": {
        "owner": "NixOS",
        "ref": "nixpkgs-unstable",
        "repo": "nixpkgs",
        "type": "github"
      }
    },
    "omarchy-quickshell": {
      "inputs": {
        "nixpkgs": [
          "nixpkgs"
        ]
      },
      "locked": {
        "lastModified": 1790027557,
        "narHash": "sha256-/jMlmAaeVyDR+Bjz4TW1GWqIDq/wsMp4eJSqxzJD7q8=",
        "owner": "detroyejr",
        "repo": "omarchy-quickshell-nix",
        "rev": "8f67ffd03dadcbfdf0d6e29d8c5a86a898681852",
        "type": "github"
      },
      "original": {
        "owner": "detroyejr",
        "repo": "omarchy-quickshell-nix",
        "type": "github"
      }
    },
    "opencode": {
      "inputs": {
        "nixpkgs": "nixpkgs_2"
      },
      "locked": {
        "lastModified": 1790128772,
        "narHash": "sha256-Rbm8eC7Wdcr7cwmY20abnKAw20zUl/khARRb3RP3VkA=",
        "owner": "anomalyco",
        "repo": "opencode",
        "rev": "53179daefaf465ea25669ceee021a8a664d9d84f",
        "type": "github"
      },
      "original": {
        "owner": "anomalyco",
        "ref": "v2",
        "repo": "opencode",
        "type": "github"
      }
    },
    "root": {
      "inputs": {
        "disko": "disko",
        "jovian": "jovian",
        "nixos-hardware": "nixos-hardware",
        "nixpkgs": "nixpkgs",
        "omarchy-quickshell": "omarchy-quickshell",
        "opencode": "opencode",
        "sops-nix": "sops-nix"
      }
    },
    "sops-nix": {
      "inputs": {
        "nixpkgs": [
          "nixpkgs"
        ]
      },
      "locked": {
        "lastModified": 1788914643,
        "narHash": "sha256-4GuMPW90JSxXWDPUB9M+1m7fYbe3H0apOd86/zBQ2Kw=",
        "owner": "Mic92",
        "repo": "sops-nix",
        "rev": "13616fff713a9f94055c66f15687ebdc17a335df",
        "type": "github"
      },
      "original": {
        "owner": "Mic92",
        "repo": "sops-nix",
        "type": "github"
      }
    }
  },
  "root": "root",
  "version": 7
}
